
Microsoft Visual Studio Solution File, Format Version 12.00
# Visual Studio 15
VisualStudioVersion = 15.0.28307.902
MinimumVisualStudioVersion = 10.0.40219.1
Project("{FAE04EC0-301F-11D3-BF4B-00C04F79EFBC}") = "WebProject", "WebProject\WebProject.csproj", "{71C575BC-1CBB-4986-BF83-FCC4753F0E83}"
EndProject
Global
	GlobalSection(SolutionConfigurationPlatforms) = preSolution
		Debug|Any CPU = Debug|Any CPU
		Release|Any CPU = Release|Any CPU
	EndGlobalSection
	GlobalSection(ProjectConfigurationPlatforms) = postSolution
		{71C575BC-1CBB-4986-BF83-FCC4753F0E83}.Debug|Any CPU.ActiveCfg = Debug|Any CPU
		{71C575BC-1CBB-4986-BF83-FCC4753F0E83}.Debug|Any CPU.Build.0 = Debug|Any CPU
		{71C575BC-1CBB-4986-BF83-FCC4753F0E83}.Release|Any CPU.ActiveCfg = Release|Any CPU
		{71C575BC-1CBB-4986-BF83-FCC4753F0E83}.Release|Any CPU.Build.0 = Release|Any CPU
	EndGlobalSection
	GlobalSection(SolutionProperties) = preSolution
		HideSolutionNode = FALSE
	EndGlobalSection
	GlobalSection(ExtensibilityGlobals) = postSolution
		SolutionGuid = {0B7BD98F-C057-43D3-95A8-AC49DE7D1839}
	EndGlobalSection
EndGlobal
